lockfileVersion: '9.0'

settings:
  autoInstallPeers: true
  excludeLinksFromLockfile: false

importers:

  .:
    dependencies:
      swagger-client:
        specifier: ^3.23.1
        version: 3.34.4

packages:

  '@babel/runtime-corejs3@7.27.0':
    resolution: {integrity: sha512-UWjX6t+v+0ckwZ50Y5ShZLnlk95pP5MyW/pon9tiYzl3+18pkTHTFNTKr7rQbfRXPkowt2QAn30o1b6oswszew==}
    engines: {node: '>=6.9.0'}

  '@scarf/scarf@1.4.0':
    resolution: {integrity: sha512-xxeapPiUXdZAE3che6f3xogoJPeZgig6omHEy1rIY5WVsB3H2BHNnZH+gHG6x91SCWyQCzWGsuL2Hh3ClO5/qQ==}

  '@swagger-api/apidom-ast@1.0.0-beta.30':
    resolution: {integrity: sha512-5Wj3zdt0dxS9ERVk4qSuqDIsMQ8dP2vop8b494OpJ/O2W261yCV39Z+vN+PqeJ2NiKDRMlJ+QoQ1uVfKwEo8Kg==}

  '@swagger-api/apidom-core@1.0.0-beta.30':
    resolution: {integrity: sha512-pDnUhXIKKUvmeezQfwKLL05rkOH1L7ueiy5ja5ob9y2w4r+HXDID7qHtDGeRxKZoIt4E3Sd1K37OjcE9fNcknQ==}

  '@swagger-api/apidom-error@1.0.0-beta.30':
    resolution: {integrity: sha512-hVDx0kUF1DTyaEXwmsF3wpJClEfnH0pxjEubqtvHpjjeTMgZzmKc5azbYtvgBX3uUpGHyQZyG/O9g94/wIhhMA==}

  '@swagger-api/apidom-json-pointer@1.0.0-beta.30':
    resolution: {integrity: sha512-G+BDNXU/ARJCbJiFq1A6dh6pNDDp1J0jPfKeIHjsD8aZoRdpJC0F3F7onm8TjQm2cnvAi4B7vPOKzjWrYN1VWw==}

  '@swagger-api/apidom-ns-api-design-systems@1.0.0-beta.30':
    resolution: {integrity: sha512-YsFtttsq39qVU2J9lMD3i+aeuiMD8EjeageszDEePYgb4/k2PZX9YJqb9urwxydBM7BFG7H/r9K/dVUMHFV5hw==}

  '@swagger-api/apidom-ns-arazzo-1@1.0.0-beta.30':
    resolution: {integrity: sha512-HpszcpuDlSOXWruHzasR64L8640VHVDuy8xXJrhx1iBu+gDHriOM8gbh8jQgWST91H0smtPeTG9WV1/h6frhRw==}

  '@swagger-api/apidom-ns-asyncapi-2@1.0.0-beta.30':
    resolution: {integrity: sha512-/DvnCZY2cVz8E79Nc5mXD8J0++D8QT/c1PKPMMGEGVwGWB6XLh8jZM0HERb6yAiLUC0qzv4Jau/iQH1gs/ZtiQ==}

  '@swagger-api/apidom-ns-json-schema-2019-09@1.0.0-beta.30':
    resolution: {integrity: sha512-HZL76SJaUDmL1GuFcev23UX1vVuxSHIED3vvKso+k3KWNfVWZJrr7GX1ELJx84fWW8g3b5S5+nyz5q1ApT084A==}

  '@swagger-api/apidom-ns-json-schema-2020-12@1.0.0-beta.30':
    resolution: {integrity: sha512-D2adAcu/ISoBe0zRbcX0HyaDvWoMhmaL8iPR4pvjLY7soB2tCR4uLEzAkqPa2zaOKBRA2ziF74aNKrKbM5sX8w==}

  '@swagger-api/apidom-ns-json-schema-draft-4@1.0.0-beta.30':
    resolution: {integrity: sha512-u5YMIw/g74Z59wPBFS2A2LaheC+EEqRcbpUQOApTvb6zjW+xWxbCuKV1ypzIaVDDPIry8e3mpwjjXLj1mvad5w==}

  '@swagger-api/apidom-ns-json-schema-draft-6@1.0.0-beta.30':
    resolution: {integrity: sha512-/Mp11+tBKTN6XnpOiQo/cKnqmvfJhdCniHCK6Bg8wpCI3dMi+nSSpIYgWEPVQfNsLtf/PaYegrtYY56W4UzNRw==}

  '@swagger-api/apidom-ns-json-schema-draft-7@1.0.0-beta.30':
    resolution: {integrity: sha512-6sZ0LLYnEz9KXtt9xTRSc0EORBl5Fj3LUbfabUjqLQZGldsJWU+3TTQ4XtzFFHlan7z2WYyALKP7iP+b60XbPg==}

  '@swagger-api/apidom-ns-openapi-2@1.0.0-beta.30':
    resolution: {integrity: sha512-nloJUjf6AtKRnBuWmaFkVk7lR7aht9cudXkR/W0ui+feLSJ5rnYy6nyLyGFLZqLnb2cSV8L6bB6tGPJnvc5KzA==}

  '@swagger-api/apidom-ns-openapi-3-0@1.0.0-beta.30':
    resolution: {integrity: sha512-7bz6kCgjStTKGGI4wBP2ho574lyfjH5EDPPuXhkwmAG2mOn9MZezlQhsbdo3B+vbi/58mqQb2XCoB4aeP1F+GQ==}

  '@swagger-api/apidom-ns-openapi-3-1@1.0.0-beta.30':
    resolution: {integrity: sha512-pq2jxSp0I6xnGzyAiEXWYMuurp8H7TlOQ6Ijr/XX54gNmaIK+yQ3HXc7S6FZx+B2kQx03Tb8Y8O7L7J7YnmFiA==}

  '@swagger-api/apidom-parser-adapter-api-design-systems-json@1.0.0-beta.30':
    resolution: {integrity: sha512-ER5kQtxOXG8W1cQC7xH8EYYUOAMaqVrECIZShoa6yOLoI0/a40xFF5Lansn2P9szR1hT/2neM8KLcjaxCFjXSQ==}

  '@swagger-api/apidom-parser-adapter-api-design-systems-yaml@1.0.0-beta.30':
    resolution: {integrity: sha512-Xghcidv1TJVwrb/jFHQZA5YHPm+LxNPpFjOJYrijugXK72D3a5fqc/2PZzkGXeYefE4lGM+YB83c08N6NDCa4w==}

  '@swagger-api/apidom-parser-adapter-arazzo-json-1@1.0.0-beta.30':
    resolution: {integrity: sha512-SZajkrTJ7c1I9CI3gnsdHZCQFSIyQ2H/lkWDjA/drZkRcfbR1CTbR2q0BGGlV5Y+nFHBxjRNpPbYbZrqh0WV4w==}

  '@swagger-api/apidom-parser-adapter-arazzo-yaml-1@1.0.0-beta.30':
    resolution: {integrity: sha512-T+N1ix+V5IpOWMFcamQRI50830JayD1gifnRm+mVeWJKMzp+xm08bnO8NiR9LQ2SKJZ6FWYM38oG2tAt0Lwxcg==}

  '@swagger-api/apidom-parser-adapter-asyncapi-json-2@1.0.0-beta.30':
    resolution: {integrity: sha512-KjyF966T9HVvSsk+RWaOcNDxXBqOWr/09SAw1OdBBfGHqs+xF3KOV7/2RB88Adw3+ZZ3E5oXDvVVhobq8wVvyA==}

  '@swagger-api/apidom-parser-adapter-asyncapi-yaml-2@1.0.0-beta.30':
    resolution: {integrity: sha512-+6zlRD0nP7T5Yiu9hHgP3b7d016WYRXqfr9TW/yqPFInM/tI74ROPJnMQ1G3s0HyW6lB0KX7cG0O0TqcMmnSqg==}

  '@swagger-api/apidom-parser-adapter-json@1.0.0-beta.30':
    resolution: {integrity: sha512-cciT19OOXafwBnXe9KFVwUGEVu4Zrvb4k12TYNlNqzVg1xA9pBc3Ywq5EgHIhiiQOLY3fILr0fr6B36N6irN2Q==}

  '@swagger-api/apidom-parser-adapter-openapi-json-2@1.0.0-beta.30':
    resolution: {integrity: sha512-Q5b9XVTId/FiGSmGKSOxyKJZYdvWcZOqogpLkF0Q8PtPVCgp2LFl73XuJOgjxO1nkE+n/ap+93svgaaxQRaVow==}

  '@swagger-api/apidom-parser-adapter-openapi-json-3-0@1.0.0-beta.30':
    resolution: {integrity: sha512-VsDpKXmRl6sXpgR6o582yyDJqfFfliYVrVWve0DCOTkpvOeOYqPPLA45oMMvunJkqVsBL4Fpy9/ZqAQvdlur7g==}

  '@swagger-api/apidom-parser-adapter-openapi-json-3-1@1.0.0-beta.30':
    resolution: {integrity: sha512-Q2NQ1/IF500mFuZZDC3tTw75UOTgSknqRyBywsA159BRnqnWxwk/2//Ifh8Vwq/mMyW2zSChigCvnqI+/IvQxA==}

  '@swagger-api/apidom-parser-adapter-openapi-yaml-2@1.0.0-beta.30':
    resolution: {integrity: sha512-6Zj1UtbQIwnsVJi2xn+Zl9yn9U014XzkX6QKrpAXIUGNCcjwWIbuOKd3u2T481OOP0BuVf3JpWhRqxumtosV3w==}

  '@swagger-api/apidom-parser-adapter-openapi-yaml-3-0@1.0.0-beta.30':
    resolution: {integrity: sha512-YaGDkZaV9ZRtbIGorsyyqL2x323gLMqqgLrPpAjaBbBFiAJRwF/gwRHMY4iJ85H2YeUxUq0jqtSc3jH3wsQJGg==}

  '@swagger-api/apidom-parser-adapter-openapi-yaml-3-1@1.0.0-beta.30':
    resolution: {integrity: sha512-rBa7daaUrDVAIwJZm+S4lwc5pqNt6avNTGxEB69dNZ3QDJmCC+HUnudUtsG3VqMfP46JITKUPvtzRLGjX8CgRg==}

  '@swagger-api/apidom-parser-adapter-yaml-1-2@1.0.0-beta.30':
    resolution: {integrity: sha512-NRmQehyw4gbDzeBAl0zjyPqj4e/jNYgqnRLcOsxTKpWODud8RHBqEvju/M6iET6ru0o+A9265efFzqR9hiE0LA==}

  '@swagger-api/apidom-reference@1.0.0-beta.30':
    resolution: {integrity: sha512-l1MpLMlmaX+y2hra5EadfR37sAMzmEz1wZomVcnw7vJEFlLQo3WwOdFvpQemPCZ9IJHUs+5zhZ++w7z60uKpSw==}

  '@swaggerexpert/cookie@2.0.2':
    resolution: {integrity: sha512-DPI8YJ0Vznk4CT+ekn3rcFNq1uQwvUHZhH6WvTSPD0YKBIlMS9ur2RYKghXuxxOiqOam/i4lHJH4xTIiTgs3Mg==}
    engines: {node: '>=12.20.0'}

  '@tree-sitter-grammars/tree-sitter-yaml@0.7.0':
    resolution: {integrity: sha512-GOMIK3IaDvECD0eZEhAsLl03RMtM1E8StxuGMn6PpMKFg7jyQ+jSzxJZ4Jmc/tYitah9/AECt8o4tlRQ5yEZQg==}
    peerDependencies:
      tree-sitter: ^0.22.1
    peerDependenciesMeta:
      tree-sitter:
        optional: true

  '@types/ramda@0.30.2':
    resolution: {integrity: sha512-PyzHvjCalm2BRYjAU6nIB3TprYwMNOUY/7P/N8bSzp9W/yM2YrtGtAnnVtaCNSeOZ8DzKyFDvaqQs7LnWwwmBA==}

  apg-lite@1.0.4:
    resolution: {integrity: sha512-B32zCN3IdHIc99Vy7V9BaYTUzLeRA8YXYY1aQD1/5I2aqIrO0coi4t6hJPqMisidlBxhyME8UexkHt31SlR6Og==}

  argparse@2.0.1:
    resolution: {integrity: sha512-8+9WqebbFzpX9OR+Wa6O29asIogeRMzcGtAINdpMHHyAg10f05aSFVBbcEqGf/PXw1EjAZ+q2/bEBg3DvurK3Q==}

  asynckit@0.4.0:
    resolution: {integrity: sha512-Oei9OH4tRh0YqU3GxhX79dM/mwVgvbZJaSNaRk+bshkj0S5cfHcgYakreBjrHwatXKbz+IoIdYLxrKim2MjW0Q==}

  axios@1.8.4:
    resolution: {integrity: sha512-eBSYY4Y68NNlHbHBMdeDmKNtDgXWhQsJcGqzO3iLUM0GraQFSS9cVgPX5I9b3lbdFKyYoAEGAZF1DwhTaljNAw==}

  balanced-match@1.0.2:
    resolution: {integrity: sha512-3oSeUO0TMV67hN1AmbXsK4yaqU7tjiHlbxRDZOpH0KW9+CeX4bRAaX0Anxt0tx2MrpRpWwQaPwIlISEJhYU5Pw==}

  brace-expansion@2.0.1:
    resolution: {integrity: sha512-XnAIvQ8eM+kC6aULx6wuQiwVsnzsi9d3WxzV3FpWTGA19F621kwdbsAcFKXgKUHZWsy+mY6iL1sHTxWEFCytDA==}

  call-bind-apply-helpers@1.0.2:
    resolution: {integrity: sha512-Sp1ablJ0ivDkSzjcaJdxEunN5/XvksFJ2sMBFfq6x0ryhQV/2b/KwFe21cMpmHtPOSij8K99/wSfoEuTObmuMQ==}
    engines: {node: '>= 0.4'}

  combined-stream@1.0.8:
    resolution: {integrity: sha512-FQN4MRfuJeHf7cBbBMJFXhKSDq+2kAArBlmRBvcvFE5BB1HZKXtSFASDhdlz9zOYwxh8lDdnvmMOe/+5cdoEdg==}
    engines: {node: '>= 0.8'}

  core-js-pure@3.41.0:
    resolution: {integrity: sha512-71Gzp96T9YPk63aUvE5Q5qP+DryB4ZloUZPSOebGM88VNw8VNfvdA7z6kGA8iGOTEzAomsRidp4jXSmUIJsL+Q==}

  deepmerge@4.3.1:
    resolution: {integrity: sha512-3sUqbMEc77XqpdNO7FRyRog+eW3ph+GYCbj+rK+uYyRMuwsVy0rMiVtPn+QJlKFvWP/1PYpapqYn0Me2knFn+A==}
    engines: {node: '>=0.10.0'}

  delayed-stream@1.0.0:
    resolution: {integrity: sha512-ZySD7Nf91aLB0RxL4KGrKHBXl7Eds1DAmEdcoVawXnLD7SDhpNgtuII2aAkg7a7QS41jxPSZ17p4VdGnMHk3MQ==}
    engines: {node: '>=0.4.0'}

  dunder-proto@1.0.1:
    resolution: {integrity: sha512-KIN/nDJBQRcXw0MLVhZE9iQHmG68qAVIBg9CqmUYjmQIhgij9U5MFvrqkUL5FbtyyzZuOeOt0zdeRe4UY7ct+A==}
    engines: {node: '>= 0.4'}

  es-define-property@1.0.1:
    resolution: {integrity: sha512-e3nRfgfUZ4rNGL232gUgX06QNyyez04KdjFrF+LTRoOXmrOgFKDg4BCdsjW8EnT69eqdYGmRpJwiPVYNrCaW3g==}
    engines: {node: '>= 0.4'}

  es-errors@1.3.0:
    resolution: {integrity: sha512-Zf5H2Kxt2xjTvbJvP2ZWLEICxA6j+hAmMzIlypy4xcBg1vKVnx89Wy0GbS+kf5cwCVFFzdCFh2XSCFNULS6csw==}
    engines: {node: '>= 0.4'}

  es-object-atoms@1.1.1:
    resolution: {integrity: sha512-FGgH2h8zKNim9ljj7dankFPcICIK9Cp5bm+c2gQSYePhpaG5+esrLODihIorn+Pe6FGJzWhXQotPv73jTaldXA==}
    engines: {node: '>= 0.4'}

  es-set-tostringtag@2.1.0:
    resolution: {integrity: sha512-j6vWzfrGVfyXxge+O0x5sh6cvxAog0a/4Rdd2K36zCMV5eJ+/+tOAngRO8cODMNWbVRdVlmGZQL2YS3yR8bIUA==}
    engines: {node: '>= 0.4'}

  fast-json-patch@3.1.1:
    resolution: {integrity: sha512-vf6IHUX2SBcA+5/+4883dsIjpBTqmfBjmYiWK1savxQmFk4JfBMLa7ynTYOs1Rolp/T1betJxHiGD3g1Mn8lUQ==}

  follow-redirects@1.15.9:
    resolution: {integrity: sha512-gew4GsXizNgdoRyqmyfMHyAmXsZDk6mHkSxZFCzW9gwlbtOW44CDtYavM+y+72qD/Vq2l550kMF52DT8fOLJqQ==}
    engines: {node: '>=4.0'}
    peerDependencies:
      debug: '*'
    peerDependenciesMeta:
      debug:
        optional: true

  form-data@4.0.2:
    resolution: {integrity: sha512-hGfm/slu0ZabnNt4oaRZ6uREyfCj6P4fT/n6A1rGV+Z0VdGXjfOhVUpkn6qVQONHGIFwmveGXyDs75+nr6FM8w==}
    engines: {node: '>= 6'}

  function-bind@1.1.2:
    resolution: {integrity: sha512-7XHNxH7qX9xG5mIwxkhumTox/MIRNcOgDrxWsMt2pAr23WHp6MrRlN7FBSFpCpr+oVO0F744iUgR82nJMfG2SA==}

  get-intrinsic@1.3.0:
    resolution: {integrity: sha512-9fSjSaos/fRIVIp+xSJlE6lfwhES7LNtKaCBIamHsjr2na1BiABJPo0mOjjz8GJDURarmCPGqaiVg5mfjb98CQ==}
    engines: {node: '>= 0.4'}

  get-proto@1.0.1:
    resolution: {integrity: sha512-sTSfBjoXBp89JvIKIefqw7U2CCebsc74kiY6awiGogKtoSGbgjYE/G/+l9sF3MWFPNc9IcoOC4ODfKHfxFmp0g==}
    engines: {node: '>= 0.4'}

  gopd@1.2.0:
    resolution: {integrity: sha512-ZUKRh6/kUFoAiTAtTYPZJ3hw9wNxx+BIBOijnlG9PnrJsCcSjs1wyyD6vJpaYtgnzDrKYRSqf3OO6Rfa93xsRg==}
    engines: {node: '>= 0.4'}

  has-symbols@1.1.0:
    resolution: {integrity: sha512-1cDNdwJ2Jaohmb3sg4OmKaMBwuC48sYni5HUw2DvsC8LjGTLK9h+eb1X6RyuOHe4hT0ULCW68iomhjUoKUqlPQ==}
    engines: {node: '>= 0.4'}

  has-tostringtag@1.0.2:
    resolution: {integrity: sha512-NqADB8VjPFLM2V0VvHUewwwsw0ZWBaIdgo+ieHtK3hasLz4qeCRjYcqfB6AQrBggRKppKF8L52/VqdVsO47Dlw==}
    engines: {node: '>= 0.4'}

  hasown@2.0.2:
    resolution: {integrity: sha512-0hJU9SCPvmMzIBdZFqNPXWa6dqh7WdH0cII9y+CyS8rG3nL48Bclra9HmKhVVUHyPWNH5Y7xDwAB7bfgSjkUMQ==}
    engines: {node: '>= 0.4'}

  js-yaml@4.1.0:
    resolution: {integrity: sha512-wpxZs9NoxZaJESJGIZTyDEaYpl0FKSA+FB9aJiyemKhMwkxQg63h4T1KJgUGHpTqPDNRcmmYLugrRjJlBtWvRA==}
    hasBin: true

  lodash@4.17.21:
    resolution: {integrity: sha512-v2kDEe57lecTulaDIuNTPy3Ry4gLGJ6Z1O3vE1krgXZNrsQ+LFTGHVxVjcXPs17LhbZVGedAJv8XZ1tvj5FvSg==}

  math-intrinsics@1.1.0:
    resolution: {integrity: sha512-/IXtbwEk5HTPyEwyKX6hGkYXxM9nbj64B+ilVJnC/R6B0pH5G4V3b0pVbL7DBj4tkhBAppbQUlf6F6Xl9LHu1g==}
    engines: {node: '>= 0.4'}

  mime-db@1.52.0:
    resolution: {integrity: sha512-sPU4uV7dYlvtWJxwwxHD0PuihVNiE7TyAbQ5SWxDCB9mUYvOgroQOwYQQOKPJ8CIbE+1ETVlOoK1UC2nU3gYvg==}
    engines: {node: '>= 0.6'}

  mime-types@2.1.35:
    resolution: {integrity: sha512-ZDY+bPm5zTTF+YpCrAU9nK0UgICYPT0QtT1NZWFv4s++TNkcgVaT0g6+4R2uI4MjQjzysHB1zxuWL50hzaeXiw==}
    engines: {node: '>= 0.6'}

  minim@0.23.8:
    resolution: {integrity: sha512-bjdr2xW1dBCMsMGGsUeqM4eFI60m94+szhxWys+B1ztIt6gWSfeGBdSVCIawezeHYLYn0j6zrsXdQS/JllBzww==}
    engines: {node: '>=6'}

  minimatch@7.4.6:
    resolution: {integrity: sha512-sBz8G/YjVniEz6lKPNpKxXwazJe4c19fEfV2GDMX6AjFz+MX9uDWIZW8XreVhkFW3fkIdTv/gxWr/Kks5FFAVw==}
    engines: {node: '>=10'}

  neotraverse@0.6.18:
    resolution: {integrity: sha512-Z4SmBUweYa09+o6pG+eASabEpP6QkQ70yHj351pQoEXIs8uHbaU2DWVmzBANKgflPa47A50PtB2+NgRpQvr7vA==}
    engines: {node: '>= 10'}

  node-abort-controller@3.1.1:
    resolution: {integrity: sha512-AGK2yQKIjRuqnc6VkX2Xj5d+QW8xZ87pa1UK6yA6ouUyuxfHuMP6umE5QK7UmTeOAymo+Zx1Fxiuw9rVx8taHQ==}

  node-addon-api@8.3.1:
    resolution: {integrity: sha512-lytcDEdxKjGJPTLEfW4mYMigRezMlyJY8W4wxJK8zE533Jlb8L8dRuObJFWg2P+AuOIxoCgKF+2Oq4d4Zd0OUA==}
    engines: {node: ^18 || ^20 || >= 21}

  node-domexception@1.0.0:
    resolution: {integrity: sha512-/jKZoMpw0F8GRwl4/eLROPA3cfcXtLApP0QzLmUT/HuPCZWyB7IY9ZrMeKw2O/nFIqPQB3PVM9aYm0F312AXDQ==}
    engines: {node: '>=10.5.0'}

  node-fetch-commonjs@3.3.2:
    resolution: {integrity: sha512-VBlAiynj3VMLrotgwOS3OyECFxas5y7ltLcK4t41lMUZeaK15Ym4QRkqN0EQKAFL42q9i21EPKjzLUPfltR72A==}
    engines: {node: ^12.20.0 || ^14.13.1 || >=16.0.0}

  node-gyp-build@4.8.4:
    resolution: {integrity: sha512-LA4ZjwlnUblHVgq0oBF3Jl/6h/Nvs5fzBLwdEF4nuxnFdsfajde4WfxtJr3CaiH+F6ewcIB/q4jQ4UzPyid+CQ==}
    hasBin: true

  openapi-path-templating@2.2.1:
    resolution: {integrity: sha512-eN14VrDvl/YyGxxrkGOHkVkWEoPyhyeydOUrbvjoz8K5eIGgELASwN1eqFOJ2CTQMGCy2EntOK1KdtJ8ZMekcg==}
    engines: {node: '>=12.20.0'}

  openapi-server-url-templating@1.3.0:
    resolution: {integrity: sha512-DPlCms3KKEbjVQb0spV6Awfn6UWNheuG/+folQPzh/wUaKwuqvj8zt5gagD7qoyxtE03cIiKPgLFS3Q8Bz00uQ==}
    engines: {node: '>=12.20.0'}

  process@0.11.10:
    resolution: {integrity: sha512-cdGef/drWFoydD1JsMzuFf8100nZl+GT+yacc2bEced5f9Rjk4z+WtFUTBu9PhOi9j/jfmBPu0mMEY4wIdAF8A==}
    engines: {node: '>= 0.6.0'}

  proxy-from-env@1.1.0:
    resolution: {integrity: sha512-D+zkORCbA9f1tdWRK0RaCR3GPv50cMxcrz4X8k5LTSUD1Dkw47mKJEZQNunItRTkWwgtaUSo1RVFRIG9ZXiFYg==}

  ramda-adjunct@5.1.0:
    resolution: {integrity: sha512-8qCpl2vZBXEJyNbi4zqcgdfHtcdsWjOGbiNSEnEBrM6Y0OKOT8UxJbIVGm1TIcjaSu2MxaWcgtsNlKlCk7o7qg==}
    engines: {node: '>=0.10.3'}
    peerDependencies:
      ramda: '>= 0.30.0'

  ramda@0.30.1:
    resolution: {integrity: sha512-tEF5I22zJnuclswcZMc8bDIrwRHRzf+NqVEmqg50ShAZMP7MWeR/RGDthfM/p+BlqvF2fXAzpn8i+SJcYD3alw==}

  regenerator-runtime@0.14.1:
    resolution: {integrity: sha512-dYnhHh0nJoMfnkZs6GmmhFknAGRrLznOu5nc9ML+EJxGvrx6H7teuevqVqCuPcPK//3eDrrjQhehXVx9cnkGdw==}

  short-unique-id@5.2.2:
    resolution: {integrity: sha512-MlRVyT5RYfDO2kUzBgOPlZriRzG+NIAuwSy1HBN8tahXyFi3+804GGi/mzjUsi6VxgiQuDgMnhoI2FqmSHX8Tg==}
    hasBin: true

  swagger-client@3.34.4:
    resolution: {integrity: sha512-Qvtu8DtARAx5GwefA0eV1WRLa4Q9bhczrtNAsiBMOx3HkxAOczy1APQhrcblJdLys0xEGQ4xYizYFXfIL9BhpA==}

  tree-sitter-json@0.24.8:
    resolution: {integrity: sha512-Tc9ZZYwHyWZ3Tt1VEw7Pa2scu1YO7/d2BCBbKTx5hXwig3UfdQjsOPkPyLpDJOn/m1UBEWYAtSdGAwCSyagBqQ==}
    peerDependencies:
      tree-sitter: ^0.21.1
    peerDependenciesMeta:
      tree-sitter:
        optional: true

  tree-sitter@0.22.1:
    resolution: {integrity: sha512-gRO+jk2ljxZlIn20QRskIvpLCMtzuLl5T0BY6L9uvPYD17uUrxlxWkvYCiVqED2q2q7CVtY52Uex4WcYo2FEXw==}

  ts-mixer@6.0.4:
    resolution: {integrity: sha512-ufKpbmrugz5Aou4wcr5Wc1UUFWOLhq+Fm6qa6P0w0K5Qw2yhaUoiWszhCVuNQyNwrlGiscHOmqYoAox1PtvgjA==}

  ts-toolbelt@9.6.0:
    resolution: {integrity: sha512-nsZd8ZeNUzukXPlJmTBwUAuABDe/9qtVDelJeT/qW0ow3ZS3BsQJtNkan1802aM9Uf68/Y8ljw86Hu0h5IUW3w==}

  types-ramda@0.30.1:
    resolution: {integrity: sha512-1HTsf5/QVRmLzcGfldPFvkVsAdi1db1BBKzi7iW3KBUlOICg/nKnFS+jGqDJS3YD8VsWbAh7JiHeBvbsw8RPxA==}

  unraw@3.0.0:
    resolution: {integrity: sha512-08/DA66UF65OlpUDIQtbJyrqTR0jTAlJ+jsnkQ4jxR7+K5g5YG1APZKQSMCE1vqqmD+2pv6+IdEjmopFatacvg==}

  web-streams-polyfill@3.3.3:
    resolution: {integrity: sha512-d2JWLCivmZYTSIoge9MsgFCZrt571BikcWGYkjC1khllbTeDlGqZ2D8vD8E/lJa8WGWbb7Plm8/XJYV7IJHZZw==}
    engines: {node: '>= 8'}

  web-tree-sitter@0.24.5:
    resolution: {integrity: sha512-+J/2VSHN8J47gQUAvF8KDadrfz6uFYVjxoxbKWDoXVsH2u7yLdarCnIURnrMA6uSRkgX3SdmqM5BOoQjPdSh5w==}

snapshots:

  '@babel/runtime-corejs3@7.27.0':
    dependencies:
      core-js-pure: 3.41.0
      regenerator-runtime: 0.14.1

  '@scarf/scarf@1.4.0': {}

  '@swagger-api/apidom-ast@1.0.0-beta.30':
    dependencies:
      '@babel/runtime-corejs3': 7.27.0
      '@swagger-api/apidom-error': 1.0.0-beta.30
      '@types/ramda': 0.30.2
      ramda: 0.30.1
      ramda-adjunct: 5.1.0(ramda@0.30.1)
      unraw: 3.0.0

  '@swagger-api/apidom-core@1.0.0-beta.30':
    dependencies:
      '@babel/runtime-corejs3': 7.27.0
      '@swagger-api/apidom-ast': 1.0.0-beta.30
      '@swagger-api/apidom-error': 1.0.0-beta.30
      '@types/ramda': 0.30.2
      minim: 0.23.8
      ramda: 0.30.1
      ramda-adjunct: 5.1.0(ramda@0.30.1)
      short-unique-id: 5.2.2
      ts-mixer: 6.0.4

  '@swagger-api/apidom-error@1.0.0-beta.30':
    dependencies:
      '@babel/runtime-corejs3': 7.27.0

  '@swagger-api/apidom-json-pointer@1.0.0-beta.30':
    dependencies:
      '@babel/runtime-corejs3': 7.27.0
      '@swagger-api/apidom-core': 1.0.0-beta.30
      '@swagger-api/apidom-error': 1.0.0-beta.30
      '@types/ramda': 0.30.2
      ramda: 0.30.1
      ramda-adjunct: 5.1.0(ramda@0.30.1)

  '@swagger-api/apidom-ns-api-design-systems@1.0.0-beta.30':
    dependencies:
      '@babel/runtime-corejs3': 7.27.0
      '@swagger-api/apidom-core': 1.0.0-beta.30
      '@swagger-api/apidom-error': 1.0.0-beta.30
      '@swagger-api/apidom-ns-openapi-3-1': 1.0.0-beta.30
      '@types/ramda': 0.30.2
      ramda: 0.30.1
      ramda-adjunct: 5.1.0(ramda@0.30.1)
      ts-mixer: 6.0.4
    optional: true

  '@swagger-api/apidom-ns-arazzo-1@1.0.0-beta.30':
    dependencies:
      '@babel/runtime-corejs3': 7.27.0
      '@swagger-api/apidom-core': 1.0.0-beta.30
      '@swagger-api/apidom-ns-json-schema-2020-12': 1.0.0-beta.30
      '@types/ramda': 0.30.2
      ramda: 0.30.1
      ramda-adjunct: 5.1.0(ramda@0.30.1)
      ts-mixer: 6.0.4
    optional: true

  '@swagger-api/apidom-ns-asyncapi-2@1.0.0-beta.30':
    dependencies:
      '@babel/runtime-corejs3': 7.27.0
      '@swagger-api/apidom-core': 1.0.0-beta.30
      '@swagger-api/apidom-ns-json-schema-draft-7': 1.0.0-beta.30
      '@types/ramda': 0.30.2
      ramda: 0.30.1
      ramda-adjunct: 5.1.0(ramda@0.30.1)
      ts-mixer: 6.0.4
    optional: true

  '@swagger-api/apidom-ns-json-schema-2019-09@1.0.0-beta.30':
    dependencies:
      '@babel/runtime-corejs3': 7.27.0
      '@swagger-api/apidom-core': 1.0.0-beta.30
      '@swagger-api/apidom-error': 1.0.0-beta.30
      '@swagger-api/apidom-ns-json-schema-draft-7': 1.0.0-beta.30
      '@types/ramda': 0.30.2
      ramda: 0.30.1
      ramda-adjunct: 5.1.0(ramda@0.30.1)
      ts-mixer: 6.0.4

  '@swagger-api/apidom-ns-json-schema-2020-12@1.0.0-beta.30':
    dependencies:
      '@babel/runtime-corejs3': 7.27.0
      '@swagger-api/apidom-core': 1.0.0-beta.30
      '@swagger-api/apidom-error': 1.0.0-beta.30
      '@swagger-api/apidom-ns-json-schema-2019-09': 1.0.0-beta.30
      '@types/ramda': 0.30.2
      ramda: 0.30.1
      ramda-adjunct: 5.1.0(ramda@0.30.1)
      ts-mixer: 6.0.4

  '@swagger-api/apidom-ns-json-schema-draft-4@1.0.0-beta.30':
    dependencies:
      '@babel/runtime-corejs3': 7.27.0
      '@swagger-api/apidom-ast': 1.0.0-beta.30
      '@swagger-api/apidom-core': 1.0.0-beta.30
      '@types/ramda': 0.30.2
      ramda: 0.30.1
      ramda-adjunct: 5.1.0(ramda@0.30.1)
      ts-mixer: 6.0.4

  '@swagger-api/apidom-ns-json-schema-draft-6@1.0.0-beta.30':
    dependencies:
      '@babel/runtime-corejs3': 7.27.0
      '@swagger-api/apidom-core': 1.0.0-beta.30
      '@swagger-api/apidom-error': 1.0.0-beta.30
      '@swagger-api/apidom-ns-json-schema-draft-4': 1.0.0-beta.30
      '@types/ramda': 0.30.2
      ramda: 0.30.1
      ramda-adjunct: 5.1.0(ramda@0.30.1)
      ts-mixer: 6.0.4

  '@swagger-api/apidom-ns-json-schema-draft-7@1.0.0-beta.30':
    dependencies:
      '@babel/runtime-corejs3': 7.27.0
      '@swagger-api/apidom-core': 1.0.0-beta.30
      '@swagger-api/apidom-error': 1.0.0-beta.30
      '@swagger-api/apidom-ns-json-schema-draft-6': 1.0.0-beta.30
      '@types/ramda': 0.30.2
      ramda: 0.30.1
      ramda-adjunct: 5.1.0(ramda@0.30.1)
      ts-mixer: 6.0.4

  '@swagger-api/apidom-ns-openapi-2@1.0.0-beta.30':
    dependencies:
      '@babel/runtime-corejs3': 7.27.0
      '@swagger-api/apidom-core': 1.0.0-beta.30
      '@swagger-api/apidom-error': 1.0.0-beta.30
      '@swagger-api/apidom-ns-json-schema-draft-4': 1.0.0-beta.30
      '@types/ramda': 0.30.2
      ramda: 0.30.1
      ramda-adjunct: 5.1.0(ramda@0.30.1)
      ts-mixer: 6.0.4
    optional: true

  '@swagger-api/apidom-ns-openapi-3-0@1.0.0-beta.30':
    dependencies:
      '@babel/runtime-corejs3': 7.27.0
      '@swagger-api/apidom-core': 1.0.0-beta.30
      '@swagger-api/apidom-error': 1.0.0-beta.30
      '@swagger-api/apidom-ns-json-schema-draft-4': 1.0.0-beta.30
      '@types/ramda': 0.30.2
      ramda: 0.30.1
      ramda-adjunct: 5.1.0(ramda@0.30.1)
      ts-mixer: 6.0.4

  '@swagger-api/apidom-ns-openapi-3-1@1.0.0-beta.30':
    dependencies:
      '@babel/runtime-corejs3': 7.27.0
      '@swagger-api/apidom-ast': 1.0.0-beta.30
      '@swagger-api/apidom-core': 1.0.0-beta.30
      '@swagger-api/apidom-json-pointer': 1.0.0-beta.30
      '@swagger-api/apidom-ns-json-schema-2020-12': 1.0.0-beta.30
      '@swagger-api/apidom-ns-openapi-3-0': 1.0.0-beta.30
      '@types/ramda': 0.30.2
      ramda: 0.30.1
      ramda-adjunct: 5.1.0(ramda@0.30.1)
      ts-mixer: 6.0.4

  '@swagger-api/apidom-parser-adapter-api-design-systems-json@1.0.0-beta.30':
    dependencies:
      '@babel/runtime-corejs3': 7.27.0
      '@swagger-api/apidom-core': 1.0.0-beta.30
      '@swagger-api/apidom-ns-api-design-systems': 1.0.0-beta.30
      '@swagger-api/apidom-parser-adapter-json': 1.0.0-beta.30
      '@types/ramda': 0.30.2
      ramda: 0.30.1
      ramda-adjunct: 5.1.0(ramda@0.30.1)
    optional: true

  '@swagger-api/apidom-parser-adapter-api-design-systems-yaml@1.0.0-beta.30':
    dependencies:
      '@babel/runtime-corejs3': 7.27.0
      '@swagger-api/apidom-core': 1.0.0-beta.30
      '@swagger-api/apidom-ns-api-design-systems': 1.0.0-beta.30
      '@swagger-api/apidom-parser-adapter-yaml-1-2': 1.0.0-beta.30
      '@types/ramda': 0.30.2
      ramda: 0.30.1
      ramda-adjunct: 5.1.0(ramda@0.30.1)
    optional: true

  '@swagger-api/apidom-parser-adapter-arazzo-json-1@1.0.0-beta.30':
    dependencies:
      '@babel/runtime-corejs3': 7.27.0
      '@swagger-api/apidom-core': 1.0.0-beta.30
      '@swagger-api/apidom-ns-arazzo-1': 1.0.0-beta.30
      '@swagger-api/apidom-parser-adapter-json': 1.0.0-beta.30
      '@types/ramda': 0.30.2
      ramda: 0.30.1
      ramda-adjunct: 5.1.0(ramda@0.30.1)
    optional: true

  '@swagger-api/apidom-parser-adapter-arazzo-yaml-1@1.0.0-beta.30':
    dependencies:
      '@babel/runtime-corejs3': 7.27.0
      '@swagger-api/apidom-core': 1.0.0-beta.30
      '@swagger-api/apidom-ns-arazzo-1': 1.0.0-beta.30
      '@swagger-api/apidom-parser-adapter-yaml-1-2': 1.0.0-beta.30
      '@types/ramda': 0.30.2
      ramda: 0.30.1
      ramda-adjunct: 5.1.0(ramda@0.30.1)
    optional: true

  '@swagger-api/apidom-parser-adapter-asyncapi-json-2@1.0.0-beta.30':
    dependencies:
      '@babel/runtime-corejs3': 7.27.0
      '@swagger-api/apidom-core': 1.0.0-beta.30
      '@swagger-api/apidom-ns-asyncapi-2': 1.0.0-beta.30
      '@swagger-api/apidom-parser-adapter-json': 1.0.0-beta.30
      '@types/ramda': 0.30.2
      ramda: 0.30.1
      ramda-adjunct: 5.1.0(ramda@0.30.1)
    optional: true

  '@swagger-api/apidom-parser-adapter-asyncapi-yaml-2@1.0.0-beta.30':
    dependencies:
      '@babel/runtime-corejs3': 7.27.0
      '@swagger-api/apidom-core': 1.0.0-beta.30
      '@swagger-api/apidom-ns-asyncapi-2': 1.0.0-beta.30
      '@swagger-api/apidom-parser-adapter-yaml-1-2': 1.0.0-beta.30
      '@types/ramda': 0.30.2
      ramda: 0.30.1
      ramda-adjunct: 5.1.0(ramda@0.30.1)
    optional: true

  '@swagger-api/apidom-parser-adapter-json@1.0.0-beta.30':
    dependencies:
      '@babel/runtime-corejs3': 7.27.0
      '@swagger-api/apidom-ast': 1.0.0-beta.30
      '@swagger-api/apidom-core': 1.0.0-beta.30
      '@swagger-api/apidom-error': 1.0.0-beta.30
      '@types/ramda': 0.30.2
      ramda: 0.30.1
      ramda-adjunct: 5.1.0(ramda@0.30.1)
      tree-sitter: 0.22.1
      tree-sitter-json: 0.24.8(tree-sitter@0.22.1)
      web-tree-sitter: 0.24.5
    optional: true

  '@swagger-api/apidom-parser-adapter-openapi-json-2@1.0.0-beta.30':
    dependencies:
      '@babel/runtime-corejs3': 7.27.0
      '@swagger-api/apidom-core': 1.0.0-beta.30
      '@swagger-api/apidom-ns-openapi-2': 1.0.0-beta.30
      '@swagger-api/apidom-parser-adapter-json': 1.0.0-beta.30
      '@types/ramda': 0.30.2
      ramda: 0.30.1
      ramda-adjunct: 5.1.0(ramda@0.30.1)
    optional: true

  '@swagger-api/apidom-parser-adapter-openapi-json-3-0@1.0.0-beta.30':
    dependencies:
      '@babel/runtime-corejs3': 7.27.0
      '@swagger-api/apidom-core': 1.0.0-beta.30
      '@swagger-api/apidom-ns-openapi-3-0': 1.0.0-beta.30
      '@swagger-api/apidom-parser-adapter-json': 1.0.0-beta.30
      '@types/ramda': 0.30.2
      ramda: 0.30.1
      ramda-adjunct: 5.1.0(ramda@0.30.1)
    optional: true

  '@swagger-api/apidom-parser-adapter-openapi-json-3-1@1.0.0-beta.30':
    dependencies:
      '@babel/runtime-corejs3': 7.27.0
      '@swagger-api/apidom-core': 1.0.0-beta.30
      '@swagger-api/apidom-ns-openapi-3-1': 1.0.0-beta.30
      '@swagger-api/apidom-parser-adapter-json': 1.0.0-beta.30
      '@types/ramda': 0.30.2
      ramda: 0.30.1
      ramda-adjunct: 5.1.0(ramda@0.30.1)
    optional: true

  '@swagger-api/apidom-parser-adapter-openapi-yaml-2@1.0.0-beta.30':
    dependencies:
      '@babel/runtime-corejs3': 7.27.0
      '@swagger-api/apidom-core': 1.0.0-beta.30
      '@swagger-api/apidom-ns-openapi-2': 1.0.0-beta.30
      '@swagger-api/apidom-parser-adapter-yaml-1-2': 1.0.0-beta.30
      '@types/ramda': 0.30.2
      ramda: 0.30.1
      ramda-adjunct: 5.1.0(ramda@0.30.1)
    optional: true

  '@swagger-api/apidom-parser-adapter-openapi-yaml-3-0@1.0.0-beta.30':
    dependencies:
      '@babel/runtime-corejs3': 7.27.0
      '@swagger-api/apidom-core': 1.0.0-beta.30
      '@swagger-api/apidom-ns-openapi-3-0': 1.0.0-beta.30
      '@swagger-api/apidom-parser-adapter-yaml-1-2': 1.0.0-beta.30
      '@types/ramda': 0.30.2
      ramda: 0.30.1
      ramda-adjunct: 5.1.0(ramda@0.30.1)
    optional: true

  '@swagger-api/apidom-parser-adapter-openapi-yaml-3-1@1.0.0-beta.30':
    dependencies:
      '@babel/runtime-corejs3': 7.27.0
      '@swagger-api/apidom-core': 1.0.0-beta.30
      '@swagger-api/apidom-ns-openapi-3-1': 1.0.0-beta.30
      '@swagger-api/apidom-parser-adapter-yaml-1-2': 1.0.0-beta.30
      '@types/ramda': 0.30.2
      ramda: 0.30.1
      ramda-adjunct: 5.1.0(ramda@0.30.1)
    optional: true

  '@swagger-api/apidom-parser-adapter-yaml-1-2@1.0.0-beta.30':
    dependencies:
      '@babel/runtime-corejs3': 7.27.0
      '@swagger-api/apidom-ast': 1.0.0-beta.30
      '@swagger-api/apidom-core': 1.0.0-beta.30
      '@swagger-api/apidom-error': 1.0.0-beta.30
      '@tree-sitter-grammars/tree-sitter-yaml': 0.7.0(tree-sitter@0.22.1)
      '@types/ramda': 0.30.2
      ramda: 0.30.1
      ramda-adjunct: 5.1.0(ramda@0.30.1)
      tree-sitter: 0.22.1
      web-tree-sitter: 0.24.5
    optional: true

  '@swagger-api/apidom-reference@1.0.0-beta.30':
    dependencies:
      '@babel/runtime-corejs3': 7.27.0
      '@swagger-api/apidom-core': 1.0.0-beta.30
      '@types/ramda': 0.30.2
      axios: 1.8.4
      minimatch: 7.4.6
      process: 0.11.10
      ramda: 0.30.1
      ramda-adjunct: 5.1.0(ramda@0.30.1)
    optionalDependencies:
      '@swagger-api/apidom-error': 1.0.0-beta.30
      '@swagger-api/apidom-json-pointer': 1.0.0-beta.30
      '@swagger-api/apidom-ns-arazzo-1': 1.0.0-beta.30
      '@swagger-api/apidom-ns-asyncapi-2': 1.0.0-beta.30
      '@swagger-api/apidom-ns-openapi-2': 1.0.0-beta.30
      '@swagger-api/apidom-ns-openapi-3-0': 1.0.0-beta.30
      '@swagger-api/apidom-ns-openapi-3-1': 1.0.0-beta.30
      '@swagger-api/apidom-parser-adapter-api-design-systems-json': 1.0.0-beta.30
      '@swagger-api/apidom-parser-adapter-api-design-systems-yaml': 1.0.0-beta.30
      '@swagger-api/apidom-parser-adapter-arazzo-json-1': 1.0.0-beta.30
      '@swagger-api/apidom-parser-adapter-arazzo-yaml-1': 1.0.0-beta.30
      '@swagger-api/apidom-parser-adapter-asyncapi-json-2': 1.0.0-beta.30
      '@swagger-api/apidom-parser-adapter-asyncapi-yaml-2': 1.0.0-beta.30
      '@swagger-api/apidom-parser-adapter-json': 1.0.0-beta.30
      '@swagger-api/apidom-parser-adapter-openapi-json-2': 1.0.0-beta.30
      '@swagger-api/apidom-parser-adapter-openapi-json-3-0': 1.0.0-beta.30
      '@swagger-api/apidom-parser-adapter-openapi-json-3-1': 1.0.0-beta.30
      '@swagger-api/apidom-parser-adapter-openapi-yaml-2': 1.0.0-beta.30
      '@swagger-api/apidom-parser-adapter-openapi-yaml-3-0': 1.0.0-beta.30
      '@swagger-api/apidom-parser-adapter-openapi-yaml-3-1': 1.0.0-beta.30
      '@swagger-api/apidom-parser-adapter-yaml-1-2': 1.0.0-beta.30
    transitivePeerDependencies:
      - debug

  '@swaggerexpert/cookie@2.0.2':
    dependencies:
      apg-lite: 1.0.4

  '@tree-sitter-grammars/tree-sitter-yaml@0.7.0(tree-sitter@0.22.1)':
    dependencies:
      node-addon-api: 8.3.1
      node-gyp-build: 4.8.4
    optionalDependencies:
      tree-sitter: 0.22.1
    optional: true

  '@types/ramda@0.30.2':
    dependencies:
      types-ramda: 0.30.1

  apg-lite@1.0.4: {}

  argparse@2.0.1: {}

  asynckit@0.4.0: {}

  axios@1.8.4:
    dependencies:
      follow-redirects: 1.15.9
      form-data: 4.0.2
      proxy-from-env: 1.1.0
    transitivePeerDependencies:
      - debug

  balanced-match@1.0.2: {}

  brace-expansion@2.0.1:
    dependencies:
      balanced-match: 1.0.2

  call-bind-apply-helpers@1.0.2:
    dependencies:
      es-errors: 1.3.0
      function-bind: 1.1.2

  combined-stream@1.0.8:
    dependencies:
      delayed-stream: 1.0.0

  core-js-pure@3.41.0: {}

  deepmerge@4.3.1: {}

  delayed-stream@1.0.0: {}

  dunder-proto@1.0.1:
    dependencies:
      call-bind-apply-helpers: 1.0.2
      es-errors: 1.3.0
      gopd: 1.2.0

  es-define-property@1.0.1: {}

  es-errors@1.3.0: {}

  es-object-atoms@1.1.1:
    dependencies:
      es-errors: 1.3.0

  es-set-tostringtag@2.1.0:
    dependencies:
      es-errors: 1.3.0
      get-intrinsic: 1.3.0
      has-tostringtag: 1.0.2
      hasown: 2.0.2

  fast-json-patch@3.1.1: {}

  follow-redirects@1.15.9: {}

  form-data@4.0.2:
    dependencies:
      asynckit: 0.4.0
      combined-stream: 1.0.8
      es-set-tostringtag: 2.1.0
      mime-types: 2.1.35

  function-bind@1.1.2: {}

  get-intrinsic@1.3.0:
    dependencies:
      call-bind-apply-helpers: 1.0.2
      es-define-property: 1.0.1
      es-errors: 1.3.0
      es-object-atoms: 1.1.1
      function-bind: 1.1.2
      get-proto: 1.0.1
      gopd: 1.2.0
      has-symbols: 1.1.0
      hasown: 2.0.2
      math-intrinsics: 1.1.0

  get-proto@1.0.1:
    dependencies:
      dunder-proto: 1.0.1
      es-object-atoms: 1.1.1

  gopd@1.2.0: {}

  has-symbols@1.1.0: {}

  has-tostringtag@1.0.2:
    dependencies:
      has-symbols: 1.1.0

  hasown@2.0.2:
    dependencies:
      function-bind: 1.1.2

  js-yaml@4.1.0:
    dependencies:
      argparse: 2.0.1

  lodash@4.17.21: {}

  math-intrinsics@1.1.0: {}

  mime-db@1.52.0: {}

  mime-types@2.1.35:
    dependencies:
      mime-db: 1.52.0

  minim@0.23.8:
    dependencies:
      lodash: 4.17.21

  minimatch@7.4.6:
    dependencies:
      brace-expansion: 2.0.1

  neotraverse@0.6.18: {}

  node-abort-controller@3.1.1: {}

  node-addon-api@8.3.1:
    optional: true

  node-domexception@1.0.0: {}

  node-fetch-commonjs@3.3.2:
    dependencies:
      node-domexception: 1.0.0
      web-streams-polyfill: 3.3.3

  node-gyp-build@4.8.4:
    optional: true

  openapi-path-templating@2.2.1:
    dependencies:
      apg-lite: 1.0.4

  openapi-server-url-templating@1.3.0:
    dependencies:
      apg-lite: 1.0.4

  process@0.11.10: {}

  proxy-from-env@1.1.0: {}

  ramda-adjunct@5.1.0(ramda@0.30.1):
    dependencies:
      ramda: 0.30.1

  ramda@0.30.1: {}

  regenerator-runtime@0.14.1: {}

  short-unique-id@5.2.2: {}

  swagger-client@3.34.4:
    dependencies:
      '@babel/runtime-corejs3': 7.27.0
      '@scarf/scarf': 1.4.0
      '@swagger-api/apidom-core': 1.0.0-beta.30
      '@swagger-api/apidom-error': 1.0.0-beta.30
      '@swagger-api/apidom-json-pointer': 1.0.0-beta.30
      '@swagger-api/apidom-ns-openapi-3-1': 1.0.0-beta.30
      '@swagger-api/apidom-reference': 1.0.0-beta.30
      '@swaggerexpert/cookie': 2.0.2
      deepmerge: 4.3.1
      fast-json-patch: 3.1.1
      js-yaml: 4.1.0
      neotraverse: 0.6.18
      node-abort-controller: 3.1.1
      node-fetch-commonjs: 3.3.2
      openapi-path-templating: 2.2.1
      openapi-server-url-templating: 1.3.0
      ramda: 0.30.1
      ramda-adjunct: 5.1.0(ramda@0.30.1)
    transitivePeerDependencies:
      - debug

  tree-sitter-json@0.24.8(tree-sitter@0.22.1):
    dependencies:
      node-addon-api: 8.3.1
      node-gyp-build: 4.8.4
    optionalDependencies:
      tree-sitter: 0.22.1
    optional: true

  tree-sitter@0.22.1:
    dependencies:
      node-addon-api: 8.3.1
      node-gyp-build: 4.8.4
    optional: true

  ts-mixer@6.0.4: {}

  ts-toolbelt@9.6.0: {}

  types-ramda@0.30.1:
    dependencies:
      ts-toolbelt: 9.6.0

  unraw@3.0.0: {}

  web-streams-polyfill@3.3.3: {}

  web-tree-sitter@0.24.5:
    optional: true
